Microsoft Visual Studio Solution File, Format Version 12.00
# Visual Studio Version 17
VisualStudioVersion = 17.5.2.0
MinimumVisualStudioVersion = 10.0.40219.1
Project("{2150E333-8FDC-42A3-9474-1A3956D46DE8}") = "GroceryOrderSystem", "GroceryOrderSystem", "{E6807263-3DC5-C9F2-4A5F-7CFECAD2EAC0}"
EndProject
Project("{2150E333-8FDC-42A3-9474-1A3956D46DE8}") = "src", "src", "{0B0BDAE2-E86C-21AD-70A9-E1DC5330ECB7}"
EndProject
Project("{FAE04EC0-301F-11D3-BF4B-00C04F79EFBC}") = "GroceryOrderSystem.API", "GroceryOrderSystem\src\GroceryOrderSystem.API\GroceryOrderSystem.API.csproj", "{CAF84687-2406-8912-100B-A058780DFCE7}"
EndProject
Global
	GlobalSection(SolutionConfigurationPlatforms) = preSolution
		Debug|Any CPU = Debug|Any CPU
		Release|Any CPU = Release|Any CPU
	EndGlobalSection
	GlobalSection(ProjectConfigurationPlatforms) = postSolution
		{CAF84687-2406-8912-100B-A058780DFCE7}.Debug|Any CPU.ActiveCfg = Debug|Any CPU
		{CAF84687-2406-8912-100B-A058780DFCE7}.Debug|Any CPU.Build.0 = Debug|Any CPU
		{CAF84687-2406-8912-100B-A058780DFCE7}.Release|Any CPU.ActiveCfg = Release|Any CPU
		{CAF84687-2406-8912-100B-A058780DFCE7}.Release|Any CPU.Build.0 = Release|Any CPU
	EndGlobalSection
	GlobalSection(SolutionProperties) = preSolution
		HideSolutionNode = FALSE
	EndGlobalSection
	GlobalSection(NestedProjects) = preSolution
		{0B0BDAE2-E86C-21AD-70A9-E1DC5330ECB7} = {E6807263-3DC5-C9F2-4A5F-7CFECAD2EAC0}
		{CAF84687-2406-8912-100B-A058780DFCE7} = {0B0BDAE2-E86C-21AD-70A9-E1DC5330ECB7}
	EndGlobalSection
	GlobalSection(ExtensibilityGlobals) = postSolution
		SolutionGuid = {3F317FAA-A3F7-489C-82CA-769C1B19A8EE}
	EndGlobalSection
EndGlobal
